
Microsoft Visual Studio Solution File, Format Version 12.00
# Visual Studio Version 17
VisualStudioVersion = 17.5.002.0
MinimumVisualStudioVersion = 10.0.40219.1
Project("{9A19103F-16F7-4668-BE54-9A1E7A4F7556}") = "all", "all\all.csproj", "{F35DB054-3D1D-4DDF-BF2F-5344FF18DCE7}"
EndProject
Project("{FAE04EC0-301F-11D3-BF4B-00C04F79EFBC}") = "helpers", "helpers\helpers.csproj", "{14C0E329-431E-4CDE-AF52-10F68815C501}"
EndProject
Global
	GlobalSection(SolutionConfigurationPlatforms) = preSolution
		Debug|Any CPU = Debug|Any CPU
		Release|Any CPU = Release|Any CPU
	EndGlobalSection
	GlobalSection(ProjectConfigurationPlatforms) = postSolution
		{F35DB054-3D1D-4DDF-BF2F-5344FF18DCE7}.Debug|Any CPU.ActiveCfg = Debug|Any CPU
		{F35DB054-3D1D-4DDF-BF2F-5344FF18DCE7}.Debug|Any CPU.Build.0 = Debug|Any CPU
		{F35DB054-3D1D-4DDF-BF2F-5344FF18DCE7}.Release|Any CPU.ActiveCfg = Release|Any CPU
		{F35DB054-3D1D-4DDF-BF2F-5344FF18DCE7}.Release|Any CPU.Build.0 = Release|Any CPU
		{14C0E329-431E-4CDE-AF52-10F68815C501}.Debug|Any CPU.ActiveCfg = Debug|Any CPU
		{14C0E329-431E-4CDE-AF52-10F68815C501}.Debug|Any CPU.Build.0 = Debug|Any CPU
		{14C0E329-431E-4CDE-AF52-10F68815C501}.Release|Any CPU.ActiveCfg = Release|Any CPU
		{14C0E329-431E-4CDE-AF52-10F68815C501}.Release|Any CPU.Build.0 = Release|Any CPU
	EndGlobalSection
	GlobalSection(SolutionProperties) = preSolution
		HideSolutionNode = FALSE
	EndGlobalSection
	GlobalSection(ExtensibilityGlobals) = postSolution
		SolutionGuid = {956907DE-27F9-4151-BF0F-DC40FD1F27A8}
	EndGlobalSection
EndGlobal
